
Microsoft Visual Studio Solution File, Format Version 12.00
# Visual Studio 15
Project("{FAE04EC0-301F-11D3-BF4B-00C04F79EFBC}") = "UnityEngine.TestRunner", "UnityEngine.TestRunner.csproj", "{7D93318F-7BD3-90F0-81F2-3110C20B6D47}"
EndProject
Project("{FAE04EC0-301F-11D3-BF4B-00C04F79EFBC}") = "Assembly-CSharp", "Assembly-CSharp.csproj", "{D3E2D2BA-F583-4DD5-E9F0-4DCC7604AFD3}"
EndProject
Project("{FAE04EC0-301F-11D3-BF4B-00C04F79EFBC}") = "Unity.Timeline", "Unity.Timeline.csproj", "{7A2EF9B2-7705-D231-9D84-EF1E10F7C9AE}"
EndProject
Project("{FAE04EC0-301F-11D3-BF4B-00C04F79EFBC}") = "UnityEngine.UI", "UnityEngine.UI.csproj", "{26851800-5A53-CB1F-B203-4BF2700C9579}"
EndProject
Project("{FAE04EC0-301F-11D3-BF4B-00C04F79EFBC}") = "Unity.TextMeshPro", "Unity.TextMeshPro.csproj", "{D5389DC7-0130-2BB5-AFC2-0B116FA03BE9}"
EndProject
Project("{FAE04EC0-301F-11D3-BF4B-00C04F79EFBC}") = "UnityEditor.TestRunner", "UnityEditor.TestRunner.csproj", "{7CA4E50A-8C7E-1EBB-911E-4DB09C5420C6}"
EndProject
Project("{FAE04EC0-301F-11D3-BF4B-00C04F79EFBC}") = "Unity.PlasticSCM.Editor", "Unity.PlasticSCM.Editor.csproj", "{53FDBC9C-4A21-B552-ADBC-F79B3CE67A5D}"
EndProject
Project("{FAE04EC0-301F-11D3-BF4B-00C04F79EFBC}") = "UnityEditor.UI", "UnityEditor.UI.csproj", "{89E66C06-6F8F-5B4C-D0D0-57CEEB8273E7}"
EndProject
Project("{FAE04EC0-301F-11D3-BF4B-00C04F79EFBC}") = "Unity.Services.Core.Editor", "Unity.Services.Core.Editor.csproj", "{04A16AAA-FB18-CBBD-35A9-9F3127896D68}"
EndProject
Project("{FAE04EC0-301F-11D3-BF4B-00C04F79EFBC}") = "Unity.Timeline.Editor", "Unity.Timeline.Editor.csproj", "{F273984B-620B-8985-3F5A-2F847FBEF6D3}"
EndProject
Project("{FAE04EC0-301F-11D3-BF4B-00C04F79EFBC}") = "Unity.VisualStudio.Editor", "Unity.VisualStudio.Editor.csproj", "{45FBDB58-8BA2-4790-E73D-744F6364D0B6}"
EndProject
Project("{FAE04EC0-301F-11D3-BF4B-00C04F79EFBC}") = "Unity.TextMeshPro.Editor", "Unity.TextMeshPro.Editor.csproj", "{21448C84-0324-40C4-3049-0508789FB453}"
EndProject
Project("{FAE04EC0-301F-11D3-BF4B-00C04F79EFBC}") = "Unity.CollabProxy.Editor", "Unity.CollabProxy.Editor.csproj", "{9919488F-F346-7199-5FF0-9E2E0C0837A6}"
EndProject
Project("{FAE04EC0-301F-11D3-BF4B-00C04F79EFBC}") = "Unity.Rider.Editor", "Unity.Rider.Editor.csproj", "{A03ABFF3-A8A0-ACB6-93EA-59E5BDF7218A}"
EndProject
Project("{FAE04EC0-301F-11D3-BF4B-00C04F79EFBC}") = "Unity.VSCode.Editor", "Unity.VSCode.Editor.csproj", "{892E5C22-967D-50D0-EAC9-AA275D46DC8B}"
EndProject
Project("{FAE04EC0-301F-11D3-BF4B-00C04F79EFBC}") = "UnityEngine.TestRunner", "UnityEngine.TestRunner.Player.csproj", "{FB2F643F-3CB8-E80D-53C2-99287C7E800E}"
EndProject
Project("{FAE04EC0-301F-11D3-BF4B-00C04F79EFBC}") = "Assembly-CSharp", "Assembly-CSharp.Player.csproj", "{825219E7-6418-889B-6B27-89A8FB5C58DB}"
EndProject
Project("{FAE04EC0-301F-11D3-BF4B-00C04F79EFBC}") = "Unity.Timeline", "Unity.Timeline.Player.csproj", "{999AC4C1-1BC5-1CF9-5AC5-1FC4A38E5FAE}"
EndProject
Project("{FAE04EC0-301F-11D3-BF4B-00C04F79EFBC}") = "UnityEngine.UI", "UnityEngine.UI.Player.csproj", "{1C34638C-E14B-4AC9-7F49-74B2FB8A6EE4}"
EndProject
Project("{FAE04EC0-301F-11D3-BF4B-00C04F79EFBC}") = "Unity.TextMeshPro", "Unity.TextMeshPro.Player.csproj", "{FF7AA276-C196-1424-71BD-03EA573C59D6}"
EndProject
Global
	GlobalSection(SolutionConfigurationPlatforms) = preSolution
		Debug|Any CPU = Debug|Any CPU
		Release|Any CPU = Release|Any CPU
	EndGlobalSection
	GlobalSection(ProjectConfigurationPlatforms) = postSolution
		{7D93318F-7BD3-90F0-81F2-3110C20B6D47}.Debug|Any CPU.ActiveCfg = Debug|Any CPU
		{7D93318F-7BD3-90F0-81F2-3110C20B6D47}.Debug|Any CPU.Build.0 = Debug|Any CPU
		{7D93318F-7BD3-90F0-81F2-3110C20B6D47}.Release|Any CPU.ActiveCfg = Release|Any CPU
		{7D93318F-7BD3-90F0-81F2-3110C20B6D47}.Release|Any CPU.Build.0 = Release|Any CPU
		{D3E2D2BA-F583-4DD5-E9F0-4DCC7604AFD3}.Debug|Any CPU.ActiveCfg = Debug|Any CPU
		{D3E2D2BA-F583-4DD5-E9F0-4DCC7604AFD3}.Debug|Any CPU.Build.0 = Debug|Any CPU
		{D3E2D2BA-F583-4DD5-E9F0-4DCC7604AFD3}.Release|Any CPU.ActiveCfg = Release|Any CPU
		{D3E2D2BA-F583-4DD5-E9F0-4DCC7604AFD3}.Release|Any CPU.Build.0 = Release|Any CPU
		{7A2EF9B2-7705-D231-9D84-EF1E10F7C9AE}.Debug|Any CPU.ActiveCfg = Debug|Any CPU
		{7A2EF9B2-7705-D231-9D84-EF1E10F7C9AE}.Debug|Any CPU.Build.0 = Debug|Any CPU
		{7A2EF9B2-7705-D231-9D84-EF1E10F7C9AE}.Release|Any CPU.ActiveCfg = Release|Any CPU
		{7A2EF9B2-7705-D231-9D84-EF1E10F7C9AE}.Release|Any CPU.Build.0 = Release|Any CPU
		{26851800-5A53-CB1F-B203-4BF2700C9579}.Debug|Any CPU.ActiveCfg = Debug|Any CPU
		{26851800-5A53-CB1F-B203-4BF2700C9579}.Debug|Any CPU.Build.0 = Debug|Any CPU
		{26851800-5A53-CB1F-B203-4BF2700C9579}.Release|Any CPU.ActiveCfg = Release|Any CPU
		{26851800-5A53-CB1F-B203-4BF2700C9579}.Release|Any CPU.Build.0 = Release|Any CPU
		{D5389DC7-0130-2BB5-AFC2-0B116FA03BE9}.Debug|Any CPU.ActiveCfg = Debug|Any CPU
		{D5389DC7-0130-2BB5-AFC2-0B116FA03BE9}.Debug|Any CPU.Build.0 = Debug|Any CPU
		{D5389DC7-0130-2BB5-AFC2-0B116FA03BE9}.Release|Any CPU.ActiveCfg = Release|Any CPU
		{D5389DC7-0130-2BB5-AFC2-0B116FA03BE9}.Release|Any CPU.Build.0 = Release|Any CPU
		{7CA4E50A-8C7E-1EBB-911E-4DB09C5420C6}.Debug|Any CPU.ActiveCfg = Debug|Any CPU
		{7CA4E50A-8C7E-1EBB-911E-4DB09C5420C6}.Debug|Any CPU.Build.0 = Debug|Any CPU
		{7CA4E50A-8C7E-1EBB-911E-4DB09C5420C6}.Release|Any CPU.ActiveCfg = Release|Any CPU
		{7CA4E50A-8C7E-1EBB-911E-4DB09C5420C6}.Release|Any CPU.Build.0 = Release|Any CPU
		{53FDBC9C-4A21-B552-ADBC-F79B3CE67A5D}.Debug|Any CPU.ActiveCfg = Debug|Any CPU
		{53FDBC9C-4A21-B552-ADBC-F79B3CE67A5D}.Debug|Any CPU.Build.0 = Debug|Any CPU
		{53FDBC9C-4A21-B552-ADBC-F79B3CE67A5D}.Release|Any CPU.ActiveCfg = Release|Any CPU
		{53FDBC9C-4A21-B552-ADBC-F79B3CE67A5D}.Release|Any CPU.Build.0 = Release|Any CPU
		{89E66C06-6F8F-5B4C-D0D0-57CEEB8273E7}.Debug|Any CPU.ActiveCfg = Debug|Any CPU
		{89E66C06-6F8F-5B4C-D0D0-57CEEB8273E7}.Debug|Any CPU.Build.0 = Debug|Any CPU
		{89E66C06-6F8F-5B4C-D0D0-57CEEB8273E7}.Release|Any CPU.ActiveCfg = Release|Any CPU
		{89E66C06-6F8F-5B4C-D0D0-57CEEB8273E7}.Release|Any CPU.Build.0 = Release|Any CPU
		{04A16AAA-FB18-CBBD-35A9-9F3127896D68}.Debug|Any CPU.ActiveCfg = Debug|Any CPU
		{04A16AAA-FB18-CBBD-35A9-9F3127896D68}.Debug|Any CPU.Build.0 = Debug|Any CPU
		{04A16AAA-FB18-CBBD-35A9-9F3127896D68}.Release|Any CPU.ActiveCfg = Release|Any CPU
		{04A16AAA-FB18-CBBD-35A9-9F3127896D68}.Release|Any CPU.Build.0 = Release|Any CPU
		{F273984B-620B-8985-3F5A-2F847FBEF6D3}.Debug|Any CPU.ActiveCfg = Debug|Any CPU
		{F273984B-620B-8985-3F5A-2F847FBEF6D3}.Debug|Any CPU.Build.0 = Debug|Any CPU
		{F273984B-620B-8985-3F5A-2F847FBEF6D3}.Release|Any CPU.ActiveCfg = Release|Any CPU
		{F273984B-620B-8985-3F5A-2F847FBEF6D3}.Release|Any CPU.Build.0 = Release|Any CPU
		{45FBDB58-8BA2-4790-E73D-744F6364D0B6}.Debug|Any CPU.ActiveCfg = Debug|Any CPU
		{45FBDB58-8BA2-4790-E73D-744F6364D0B6}.Debug|Any CPU.Build.0 = Debug|Any CPU
		{45FBDB58-8BA2-4790-E73D-744F6364D0B6}.Release|Any CPU.ActiveCfg = Release|Any CPU
		{45FBDB58-8BA2-4790-E73D-744F6364D0B6}.Release|Any CPU.Build.0 = Release|Any CPU
		{21448C84-0324-40C4-3049-0508789FB453}.Debug|Any CPU.ActiveCfg = Debug|Any CPU
		{21448C84-0324-40C4-3049-0508789FB453}.Debug|Any CPU.Build.0 = Debug|Any CPU
		{21448C84-0324-40C4-3049-0508789FB453}.Release|Any CPU.ActiveCfg = Release|Any CPU
		{21448C84-0324-40C4-3049-0508789FB453}.Release|Any CPU.Build.0 = Release|Any CPU
		{9919488F-F346-7199-5FF0-9E2E0C0837A6}.Debug|Any CPU.ActiveCfg = Debug|Any CPU
		{9919488F-F346-7199-5FF0-9E2E0C0837A6}.Debug|Any CPU.Build.0 = Debug|Any CPU
		{9919488F-F346-7199-5FF0-9E2E0C0837A6}.Release|Any CPU.ActiveCfg = Release|Any CPU
		{9919488F-F346-7199-5FF0-9E2E0C0837A6}.Release|Any CPU.Build.0 = Release|Any CPU
		{A03ABFF3-A8A0-ACB6-93EA-59E5BDF7218A}.Debug|Any CPU.ActiveCfg = Debug|Any CPU
		{A03ABFF3-A8A0-ACB6-93EA-59E5BDF7218A}.Debug|Any CPU.Build.0 = Debug|Any CPU
		{A03ABFF3-A8A0-ACB6-93EA-59E5BDF7218A}.Release|Any CPU.ActiveCfg = Release|Any CPU
		{A03ABFF3-A8A0-ACB6-93EA-59E5BDF7218A}.Release|Any CPU.Build.0 = Release|Any CPU
		{892E5C22-967D-50D0-EAC9-AA275D46DC8B}.Debug|Any CPU.ActiveCfg = Debug|Any CPU
		{892E5C22-967D-50D0-EAC9-AA275D46DC8B}.Debug|Any CPU.Build.0 = Debug|Any CPU
		{892E5C22-967D-50D0-EAC9-AA275D46DC8B}.Release|Any CPU.ActiveCfg = Release|Any CPU
		{892E5C22-967D-50D0-EAC9-AA275D46DC8B}.Release|Any CPU.Build.0 = Release|Any CPU
		{FB2F643F-3CB8-E80D-53C2-99287C7E800E}.Debug|Any CPU.ActiveCfg = Debug|Any CPU
		{FB2F643F-3CB8-E80D-53C2-99287C7E800E}.Debug|Any CPU.Build.0 = Debug|Any CPU
		{FB2F643F-3CB8-E80D-53C2-99287C7E800E}.Release|Any CPU.ActiveCfg = Release|Any CPU
		{FB2F643F-3CB8-E80D-53C2-99287C7E800E}.Release|Any CPU.Build.0 = Release|Any CPU
		{825219E7-6418-889B-6B27-89A8FB5C58DB}.Debug|Any CPU.ActiveCfg = Debug|Any CPU
		{825219E7-6418-889B-6B27-89A8FB5C58DB}.Debug|Any CPU.Build.0 = Debug|Any CPU
		{825219E7-6418-889B-6B27-89A8FB5C58DB}.Release|Any CPU.ActiveCfg = Release|Any CPU
		{825219E7-6418-889B-6B27-89A8FB5C58DB}.Release|Any CPU.Build.0 = Release|Any CPU
		{999AC4C1-1BC5-1CF9-5AC5-1FC4A38E5FAE}.Debug|Any CPU.ActiveCfg = Debug|Any CPU
		{999AC4C1-1BC5-1CF9-5AC5-1FC4A38E5FAE}.Debug|Any CPU.Build.0 = Debug|Any CPU
		{999AC4C1-1BC5-1CF9-5AC5-1FC4A38E5FAE}.Release|Any CPU.ActiveCfg = Release|Any CPU
		{999AC4C1-1BC5-1CF9-5AC5-1FC4A38E5FAE}.Release|Any CPU.Build.0 = Release|Any CPU
		{1C34638C-E14B-4AC9-7F49-74B2FB8A6EE4}.Debug|Any CPU.ActiveCfg = Debug|Any CPU
		{1C34638C-E14B-4AC9-7F49-74B2FB8A6EE4}.Debug|Any CPU.Build.0 = Debug|Any CPU
		{1C34638C-E14B-4AC9-7F49-74B2FB8A6EE4}.Release|Any CPU.ActiveCfg = Release|Any CPU
		{1C34638C-E14B-4AC9-7F49-74B2FB8A6EE4}.Release|Any CPU.Build.0 = Release|Any CPU
		{FF7AA276-C196-1424-71BD-03EA573C59D6}.Debug|Any CPU.ActiveCfg = Debug|Any CPU
		{FF7AA276-C196-1424-71BD-03EA573C59D6}.Debug|Any CPU.Build.0 = Debug|Any CPU
		{FF7AA276-C196-1424-71BD-03EA573C59D6}.Release|Any CPU.ActiveCfg = Release|Any CPU
		{FF7AA276-C196-1424-71BD-03EA573C59D6}.Release|Any CPU.Build.0 = Release|Any CPU
	EndGlobalSection
	GlobalSection(SolutionProperties) = preSolution
		HideSolutionNode = FALSE
	EndGlobalSection
EndGlobal
